<?xml version="1.0" encoding="utf-8"?>
<Project ToolsVersion="4.0" xmlns="http://schemas.microsoft.com/developer/msbuild/2003">
  <ItemGroup>
    <Filter Include="Resource Files">
      <UniqueIdentifier>{67DA6AB6-F800-4c08-8B7A-83BB121AAD01}</UniqueIdentifier>
      <Extensions>rc;ico;cur;bmp;dlg;rc2;rct;bin;rgs;gif;jpg;jpeg;jpe;resx;tiff;tif;png;wav;mfcribbon-ms</Extensions>
    </Filter>
    <Filter Include="src">
      <UniqueIdentifier>{4FC737F1-C7A5-4376-A066-2A32D752A2FF}</UniqueIdentifier>
      <Extensions>cpp;c;cc;cxx;c++;def;odl;idl;hpj;bat;asm;asmx</Extensions>
    </Filter>
    <Filter Include="include">
      <UniqueIdentifier>{93995380-89BD-4b04-88EB-625FBE52EBFB}</UniqueIdentifier>
      <Extensions>h;hh;hpp;hxx;h++;hm;inl;inc;ipp;xsd</Extensions>
    </Filter>
    <Filter Include="lib">
      <UniqueIdentifier>{af2c367d-68b1-49dc-85fc-ef445c24664e}</UniqueIdentifier>
    </Filter>
    <Filter Include="src\patches">
      <UniqueIdentifier>{2ba47870-2709-4dab-bd22-2f2757a1465c}</UniqueIdentifier>
    </Filter>
    <Filter Include="src\fixes">
      <UniqueIdentifier>{47d82c51-bfcc-4078-83dd-f7a947cb4e5e}</UniqueIdentifier>
    </Filter>
  </ItemGroup>
  <ItemGroup>
    <ClCompile Include="main.cpp">
      <Filter>src</Filter>
    </ClCompile>
    <ClCompile Include="patches.cpp">
      <Filter>src</Filter>
    </ClCompile>
    <ClCompile Include="config.cpp">
      <Filter>src</Filter>
    </ClCompile>
    <ClCompile Include="miscpatches.cpp">
      <Filter>src\patches</Filter>
    </ClCompile>
    <ClCompile Include="utils.cpp">
      <Filter>src</Filter>
    </ClCompile>
    <ClCompile Include="patches\formcaching.cpp">
      <Filter>src\patches</Filter>
    </ClCompile>
    <ClCompile Include="patches\treelodreferencecaching.cpp">
      <Filter>src\patches</Filter>
    </ClCompile>
    <ClCompile Include="fixes.cpp">
      <Filter>src</Filter>
    </ClCompile>
    <ClCompile Include="fixes\miscfixes.cpp">
      <Filter>src\fixes</Filter>
    </ClCompile>
    <ClCompile Include="fixes\doubleperkapply.cpp">
      <Filter>src\fixes</Filter>
    </ClCompile>
  </ItemGroup>
  <ItemGroup>
    <ClInclude Include="include\version.h">
      <Filter>include</Filter>
    </ClInclude>
    <ClInclude Include="include\patches.h">
      <Filter>include</Filter>
    </ClInclude>
    <ClInclude Include="include\offsets.h">
      <Filter>include</Filter>
    </ClInclude>
    <ClInclude Include="include\config.h">
      <Filter>include</Filter>
    </ClInclude>
    <ClInclude Include="include\INIReader.h">
      <Filter>lib</Filter>
    </ClInclude>
    <ClInclude Include="include\Simpleini.h">
      <Filter>lib</Filter>
    </ClInclude>
    <ClInclude Include="include\utils.h">
      <Filter>include</Filter>
    </ClInclude>
    <ClInclude Include="include\tbb\concurrent_hash_map.h">
      <Filter>include</Filter>
    </ClInclude>
    <ClInclude Include="include\BGSDistantTreeBlock_VR.h">
      <Filter>include</Filter>
    </ClInclude>
    <ClInclude Include="include\TreeLOD.h">
      <Filter>include</Filter>
    </ClInclude>
    <ClInclude Include="include\fixes.h">
      <Filter>include</Filter>
    </ClInclude>
  </ItemGroup>
  <ItemGroup>
    <None Include="exports.def">
      <Filter>src</Filter>
    </None>
  </ItemGroup>
</Project>